schema: '2.0'
stages:
  train:
    cmd: python src/train.py
    deps:
    - path: data/raw
      md5: 3fc779a91ebae4c753c29bb71372556b.dir
      size: 68568472
      nfiles: 3002
    - path: src/train.py
      md5: a5a09f2bc9a6d9b06aa6af5056cea72d
      size: 3561
    params:
      params.yaml:
        train:
          image_width: 180
          image_height: 180
          batch_size: 32
          learning_rate: 0.1
          n_epochs: 5
    outs:
    - path: dvclive/metrics.json
      md5: e9ad3a3f1d90a006f311c4ccfee0cacf
      size: 210
    - path: dvclive/plots
      md5: 619cd70715419bf3f670be0fee2b6e00.dir
      size: 63469
      nfiles: 5
    - path: metrics.csv
      md5: 75bf55ccca7245bf19dfc3dc423d4f1c
      size: 437
    - path: models
      md5: 90eb1d85cd232b3afa2fe65d18212a32.dir
      size: 94716288
      nfiles: 1
