schema: '2.0'
stages:
  train:
    cmd: python src/train.py
    deps:
    - path: data/raw
      md5: e28a766c059088e413d563861cc4d7a7.dir
      size: 68556176
      nfiles: 3000
    - path: src/train.py
      md5: 703afcee03e738fae2477053e199eaa1
      size: 2729
    params:
      params.yaml:
        train:
          image_width: 180
          image_height: 180
          batch_size: 32
          learning_rate: 0.1
          n_epochs: 15
    outs:
    - path: dvclive/metrics.json
      md5: 95343f908cba7b1adfbef79f6c24de5e
      size: 372
    - path: dvclive/plots
      md5: cd4280169ed33f592bbe1ac114bc9cb9.dir
      size: 2661
      nfiles: 8
    - path: metrics.csv
      md5: d8d1661f0d9042085df37e3c9db3aa40
      size: 2414
    - path: models
      md5: 4a6b8e884cafad654470845a5432d7ec.dir
      size: 94716288
      nfiles: 1
