schema: '2.0'
stages:
  train:
    cmd: python src/train.py
    deps:
    - path: data/raw
      md5: 3fc779a91ebae4c753c29bb71372556b.dir
      size: 68568472
      nfiles: 3002
    - path: src/train.py
      md5: a5a09f2bc9a6d9b06aa6af5056cea72d
      size: 3561
    params:
      params.yaml:
        train:
          image_width: 180
          image_height: 180
          batch_size: 32
          learning_rate: 0.1
          n_epochs: 15
    outs:
    - path: dvclive/metrics.json
      md5: cf2d8d3164c017a5eb8f4224c4ae5c92
      size: 211
    - path: dvclive/plots
      md5: f7b61c7a812720360b01cf8fc0b4b0bf.dir
      size: 64324
      nfiles: 5
    - path: metrics.csv
      md5: 1d57e49faab71e3659dd2d115b1932d2
      size: 1227
    - path: models
      md5: 0a48164ad43d5bda500527b14092bad3.dir
      size: 94716288
      nfiles: 1
